
Microsoft Visual Studio Solution File, Format Version 9.00
# Visual Studio 2005
Project("{E24C65DC-7377-472B-9ABA-BC803B73C61A}") = "C:\...\QuickBaseSync\", ".", "{EF856EF9-06E8-4878-BA60-0AB162476C00}"
	ProjectSection(WebsiteProperties) = preProject
		Debug.AspNetCompiler.VirtualPath = "/WCWebService"
		Debug.AspNetCompiler.PhysicalPath = "..\WCWebService\"
		Debug.AspNetCompiler.TargetPath = "PrecompiledWeb\WCWebService\"
		Debug.AspNetCompiler.Updateable = "true"
		Debug.AspNetCompiler.ForceOverwrite = "true"
		Debug.AspNetCompiler.FixedNames = "false"
		Debug.AspNetCompiler.Debug = "True"
		Release.AspNetCompiler.VirtualPath = "/WCWebService"
		Release.AspNetCompiler.PhysicalPath = "..\WCWebService\"
		Release.AspNetCompiler.TargetPath = "PrecompiledWeb\WCWebService\"
		Release.AspNetCompiler.Updateable = "true"
		Release.AspNetCompiler.ForceOverwrite = "true"
		Release.AspNetCompiler.FixedNames = "false"
		Release.AspNetCompiler.Debug = "False"
		VWDPort = "4970"
	EndProjectSection
EndProject
Global
	GlobalSection(SolutionConfigurationPlatforms) = preSolution
		Debug|.NET = Debug|.NET
	EndGlobalSection
	GlobalSection(ProjectConfigurationPlatforms) = postSolution
		{EF856EF9-06E8-4878-BA60-0AB162476C00}.Debug|.NET.ActiveCfg = Debug|.NET
		{EF856EF9-06E8-4878-BA60-0AB162476C00}.Debug|.NET.Build.0 = Debug|.NET
	EndGlobalSection
	GlobalSection(SolutionProperties) = preSolution
		HideSolutionNode = FALSE
	EndGlobalSection
EndGlobal
