
Microsoft Visual Studio Solution File, Format Version 11.00
# Visual Studio 2010
Project("{FAE04EC0-301F-11D3-BF4B-00C04F79EFBC}") = "MvcApplication1", "MvcApplication1\MvcApplication1.csproj", "{77A7C404-A061-40BA-8902-F6C482DA4153}"
EndProject
Project("{FAE04EC0-301F-11D3-BF4B-00C04F79EFBC}") = "MvcApplication1.Tests", "MvcApplication1.Tests\MvcApplication1.Tests.csproj", "{153B8917-27B5-4EA7-9917-EBADB36E9682}"
EndProject
Global
	GlobalSection(SolutionConfigurationPlatforms) = preSolution
		Debug|Any CPU = Debug|Any CPU
		Release|Any CPU = Release|Any CPU
	EndGlobalSection
	GlobalSection(ProjectConfigurationPlatforms) = postSolution
		{77A7C404-A061-40BA-8902-F6C482DA4153}.Debug|Any CPU.ActiveCfg = Debug|Any CPU
		{77A7C404-A061-40BA-8902-F6C482DA4153}.Debug|Any CPU.Build.0 = Debug|Any CPU
		{77A7C404-A061-40BA-8902-F6C482DA4153}.Release|Any CPU.ActiveCfg = Release|Any CPU
		{77A7C404-A061-40BA-8902-F6C482DA4153}.Release|Any CPU.Build.0 = Release|Any CPU
		{153B8917-27B5-4EA7-9917-EBADB36E9682}.Debug|Any CPU.ActiveCfg = Debug|Any CPU
		{153B8917-27B5-4EA7-9917-EBADB36E9682}.Debug|Any CPU.Build.0 = Debug|Any CPU
		{153B8917-27B5-4EA7-9917-EBADB36E9682}.Release|Any CPU.ActiveCfg = Release|Any CPU
		{153B8917-27B5-4EA7-9917-EBADB36E9682}.Release|Any CPU.Build.0 = Release|Any CPU
	EndGlobalSection
	GlobalSection(SolutionProperties) = preSolution
		HideSolutionNode = FALSE
	EndGlobalSection
EndGlobal
